
Microsoft Visual Studio Solution File, Format Version 12.00
# Visual Studio Version 16
VisualStudioVersion = 16.0.29209.62
MinimumVisualStudioVersion = 10.0.40219.1
Project("{8BC9CEB8-8B4A-11D0-8D11-00A0C91BC942}") = "projetMAOA", "projetMAOA.vcxproj", "{04C7B9A6-7B2D-4F1F-A5DA-06497D389273}"
EndProject
Global
	GlobalSection(SolutionConfigurationPlatforms) = preSolution
		Debug|x64 = Debug|x64
		Debug|x86 = Debug|x86
		Release|x64 = Release|x64
		Release|x86 = Release|x86
	EndGlobalSection
	GlobalSection(ProjectConfigurationPlatforms) = postSolution
		{04C7B9A6-7B2D-4F1F-A5DA-06497D389273}.Debug|x64.ActiveCfg = Debug|x64
		{04C7B9A6-7B2D-4F1F-A5DA-06497D389273}.Debug|x64.Build.0 = Debug|x64
		{04C7B9A6-7B2D-4F1F-A5DA-06497D389273}.Debug|x86.ActiveCfg = Debug|Win32
		{04C7B9A6-7B2D-4F1F-A5DA-06497D389273}.Debug|x86.Build.0 = Debug|Win32
		{04C7B9A6-7B2D-4F1F-A5DA-06497D389273}.Release|x64.ActiveCfg = Release|x64
		{04C7B9A6-7B2D-4F1F-A5DA-06497D389273}.Release|x64.Build.0 = Release|x64
		{04C7B9A6-7B2D-4F1F-A5DA-06497D389273}.Release|x86.ActiveCfg = Release|Win32
		{04C7B9A6-7B2D-4F1F-A5DA-06497D389273}.Release|x86.Build.0 = Release|Win32
	EndGlobalSection
	GlobalSection(SolutionProperties) = preSolution
		HideSolutionNode = FALSE
	EndGlobalSection
	GlobalSection(ExtensibilityGlobals) = postSolution
		SolutionGuid = {92E0AF5C-03D2-45B2-82F5-5ADAA905C141}
	EndGlobalSection
EndGlobal
